// !$*UTF8*$!
{
	archiveVersion = 1;
	classes = {
	};
	objectVersion = 56;
	objects = {

/* Begin PBXBuildFile section */
		20DCA8BA2BC49EFF008E12BD /* MarathonApp.swift in Sources */ = {isa = PBXBuildFile; fileRef = 20DCA8B92BC49EFF008E12BD /* MarathonApp.swift */; };
		20DCA8BC2BC49EFF008E12BD /* ContentView.swift in Sources */ = {isa = PBXBuildFile; fileRef = 20DCA8BB2BC49EFF008E12BD /* ContentView.swift */; };
		20DCA8BE2BC49F01008E12BD /* Assets.xcassets in Resources */ = {isa = PBXBuildFile; fileRef = 20DCA8BD2BC49F01008E12BD /* Assets.xcassets */; };
		20DCA8C12BC49F01008E12BD /* Preview Assets.xcassets in Resources */ = {isa = PBXBuildFile; fileRef = 20DCA8C02BC49F01008E12BD /* Preview Assets.xcassets */; };
		20DCA8CB2BC49F01008E12BD /* MarathonTests.swift in Sources */ = {isa = PBXBuildFile; fileRef = 20DCA8CA2BC49F01008E12BD /* MarathonTests.swift */; };
		20DCA8D52BC49F01008E12BD /* MarathonUITests.swift in Sources */ = {isa = PBXBuildFile; fileRef = 20DCA8D42BC49F01008E12BD /* MarathonUITests.swift */; };
		20DCA8D72BC49F01008E12BD /* MarathonUITestsLaunchTests.swift in Sources */ = {isa = PBXBuildFile; fileRef = 20DCA8D62BC49F01008E12BD /* MarathonUITestsLaunchTests.swift */; };
		20DCA8E42BC74839008E12BD /* Plan.swift in Sources */ = {isa = PBXBuildFile; fileRef = 20DCA8E32BC74839008E12BD /* Plan.swift */; };
/* End PBXBuildFile section */

/* Begin PBXContainerItemProxy section */
		20DCA8C72BC49F01008E12BD /* PBXContainerItemProxy */ = {
			isa = PBXContainerItemProxy;
			containerPortal = 20DCA8AE2BC49EFF008E12BD /* Project object */;
			proxyType = 1;
			remoteGlobalIDString = 20DCA8B52BC49EFF008E12BD;
			remoteInfo = Marathon;
		};
		20DCA8D12BC49F01008E12BD /* PBXContainerItemProxy */ = {
			isa = PBXContainerItemProxy;
			containerPortal = 20DCA8AE2BC49EFF008E12BD /* Project object */;
			proxyType = 1;
			remoteGlobalIDString = 20DCA8B52BC49EFF008E12BD;
			remoteInfo = Marathon;
		};
/* End PBXContainerItemProxy section */

/* Begin PBXFileReference section */
		20DCA8B62BC49EFF008E12BD /* Marathon.app */ = {isa = PBXFileReference; explicitFileType = wrapper.application; includeInIndex = 0; path = Marathon.app; sourceTree = BUILT_PRODUCTS_DIR; };
		20DCA8B92BC49EFF008E12BD /* MarathonApp.swift */ = {isa = PBXFileReference; lastKnownFileType = sourcecode.swift; path = MarathonApp.swift; sourceTree = "<group>"; };
		20DCA8BB2BC49EFF008E12BD /* ContentView.swift */ = {isa = PBXFileReference; lastKnownFileType = sourcecode.swift; path = ContentView.swift; sourceTree = "<group>"; };
		20DCA8BD2BC49F01008E12BD /* Assets.xcassets */ = {isa = PBXFileReference; lastKnownFileType = folder.assetcatalog; path = Assets.xcassets; sourceTree = "<group>"; };
		20DCA8C02BC49F01008E12BD /* Preview Assets.xcassets */ = {isa = PBXFileReference; lastKnownFileType = folder.assetcatalog; path = "Preview Assets.xcassets"; sourceTree = "<group>"; };
		20DCA8C62BC49F01008E12BD /* MarathonTests.xctest */ = {isa = PBXFileReference; explicitFileType = wrapper.cfbundle; includeInIndex = 0; path = MarathonTests.xctest; sourceTree = BUILT_PRODUCTS_DIR; };
		20DCA8CA2BC49F01008E12BD /* MarathonTests.swift */ = {isa = PBXFileReference; lastKnownFileType = sourcecode.swift; path = MarathonTests.swift; sourceTree = "<group>"; };
		20DCA8D02BC49F01008E12BD /* MarathonUITests.xctest */ = {isa = PBXFileReference; explicitFileType = wrapper.cfbundle; includeInIndex = 0; path = MarathonUITests.xctest; sourceTree = BUILT_PRODUCTS_DIR; };
		20DCA8D42BC49F01008E12BD /* MarathonUITests.swift */ = {isa = PBXFileReference; lastKnownFileType = sourcecode.swift; path = MarathonUITests.swift; sourceTree = "<group>"; };
		20DCA8D62BC49F01008E12BD /* MarathonUITestsLaunchTests.swift */ = {isa = PBXFileReference; lastKnownFileType = sourcecode.swift; path = MarathonUITestsLaunchTests.swift; sourceTree = "<group>"; };
		20DCA8E32BC74839008E12BD /* Plan.swift */ = {isa = PBXFileReference; lastKnownFileType = sourcecode.swift; path = Plan.swift; sourceTree = "<group>"; };
/* End PBXFileReference section */

/* Begin PBXFrameworksBuildPhase section */
		20DCA8B32BC49EFF008E12BD /* Frameworks */ = {
			isa = PBXFrameworksBuildPhase;
			buildActionMask = 2147483647;
			files = (
			);
			runOnlyForDeploymentPostprocessing = 0;
		};
		20DCA8C32BC49F01008E12BD /* Frameworks */ = {
			isa = PBXFrameworksBuildPhase;
			buildActionMask = 2147483647;
			files = (
			);
			runOnlyForDeploymentPostprocessing = 0;
		};
		20DCA8CD2BC49F01008E12BD /* Frameworks */ = {
			isa = PBXFrameworksBuildPhase;
			buildActionMask = 2147483647;
			files = (
			);
			runOnlyForDeploymentPostprocessing = 0;
		};
/* End PBXFrameworksBuildPhase section */

/* Begin PBXGroup section */
		20DCA8AD2BC49EFF008E12BD = {
			isa = PBXGroup;
			children = (
				20DCA8B82BC49EFF008E12BD /* Marathon */,
				20DCA8C92BC49F01008E12BD /* MarathonTests */,
				20DCA8D32BC49F01008E12BD /* MarathonUITests */,
				20DCA8B72BC49EFF008E12BD /* Products */,
			);
			sourceTree = "<group>";
		};
		20DCA8B72BC49EFF008E12BD /* Products */ = {
			isa = PBXGroup;
			children = (
				20DCA8B62BC49EFF008E12BD /* Marathon.app */,
				20DCA8C62BC49F01008E12BD /* MarathonTests.xctest */,
				20DCA8D02BC49F01008E12BD /* MarathonUITests.xctest */,
			);
			name = Products;
			sourceTree = "<group>";
		};
		20DCA8B82BC49EFF008E12BD /* Marathon */ = {
			isa = PBXGroup;
			children = (
				20DCA8B92BC49EFF008E12BD /* MarathonApp.swift */,
				20DCA8BB2BC49EFF008E12BD /* ContentView.swift */,
				20DCA8E32BC74839008E12BD /* Plan.swift */,
				20DCA8BD2BC49F01008E12BD /* Assets.xcassets */,
				20DCA8BF2BC49F01008E12BD /* Preview Content */,
			);
			path = Marathon;
			sourceTree = "<group>";
		};
		20DCA8BF2BC49F01008E12BD /* Preview Content */ = {
			isa = PBXGroup;
			children = (
				20DCA8C02BC49F01008E12BD /* Preview Assets.xcassets */,
			);
			path = "Preview Content";
			sourceTree = "<group>";
		};
		20DCA8C92BC49F01008E12BD /* MarathonTests */ = {
			isa = PBXGroup;
			children = (
				20DCA8CA2BC49F01008E12BD /* MarathonTests.swift */,
			);
			path = MarathonTests;
			sourceTree = "<group>";
		};
		20DCA8D32BC49F01008E12BD /* MarathonUITests */ = {
			isa = PBXGroup;
			children = (
				20DCA8D42BC49F01008E12BD /* MarathonUITests.swift */,
				20DCA8D62BC49F01008E12BD /* MarathonUITestsLaunchTests.swift */,
			);
			path = MarathonUITests;
			sourceTree = "<group>";
		};
/* End PBXGroup section */

/* Begin PBXNativeTarget section */
		20DCA8B52BC49EFF008E12BD /* Marathon */ = {
			isa = PBXNativeTarget;
			buildConfigurationList = 20DCA8DA2BC49F01008E12BD /* Build configuration list for PBXNativeTarget "Marathon" */;
			buildPhases = (
				20DCA8B22BC49EFF008E12BD /* Sources */,
				20DCA8B32BC49EFF008E12BD /* Frameworks */,
				20DCA8B42BC49EFF008E12BD /* Resources */,
			);
			buildRules = (
			);
			dependencies = (
			);
			name = Marathon;
			productName = Marathon;
			productReference = 20DCA8B62BC49EFF008E12BD /* Marathon.app */;
			productType = "com.apple.product-type.application";
		};
		20DCA8C52BC49F01008E12BD /* MarathonTests */ = {
			isa = PBXNativeTarget;
			buildConfigurationList = 20DCA8DD2BC49F01008E12BD /* Build configuration list for PBXNativeTarget "MarathonTests" */;
			buildPhases = (
				20DCA8C22BC49F01008E12BD /* Sources */,
				20DCA8C32BC49F01008E12BD /* Frameworks */,
				20DCA8C42BC49F01008E12BD /* Resources */,
			);
			buildRules = (
			);
			dependencies = (
				20DCA8C82BC49F01008E12BD /* PBXTargetDependency */,
			);
			name = MarathonTests;
			productName = MarathonTests;
			productReference = 20DCA8C62BC49F01008E12BD /* MarathonTests.xctest */;
			productType = "com.apple.product-type.bundle.unit-test";
		};
		20DCA8CF2BC49F01008E12BD /* MarathonUITests */ = {
			isa = PBXNativeTarget;
			buildConfigurationList = 20DCA8E02BC49F01008E12BD /* Build configuration list for PBXNativeTarget "MarathonUITests" */;
			buildPhases = (
				20DCA8CC2BC49F01008E12BD /* Sources */,
				20DCA8CD2BC49F01008E12BD /* Frameworks */,
				20DCA8CE2BC49F01008E12BD /* Resources */,
			);
			buildRules = (
			);
			dependencies = (
				20DCA8D22BC49F01008E12BD /* PBXTargetDependency */,
			);
			name = MarathonUITests;
			productName = MarathonUITests;
			productReference = 20DCA8D02BC49F01008E12BD /* MarathonUITests.xctest */;
			productType = "com.apple.product-type.bundle.ui-testing";
		};
/* End PBXNativeTarget section */

/* Begin PBXProject section */
		20DCA8AE2BC49EFF008E12BD /* Project object */ = {
			isa = PBXProject;
			attributes = {
				BuildIndependentTargetsInParallel = 1;
				LastSwiftUpdateCheck = 1530;
				LastUpgradeCheck = 1530;
				TargetAttributes = {
					20DCA8B52BC49EFF008E12BD = {
						CreatedOnToolsVersion = 15.3;
					};
					20DCA8C52BC49F01008E12BD = {
						CreatedOnToolsVersion = 15.3;
						TestTargetID = 20DCA8B52BC49EFF008E12BD;
					};
					20DCA8CF2BC49F01008E12BD = {
						CreatedOnToolsVersion = 15.3;
						TestTargetID = 20DCA8B52BC49EFF008E12BD;
					};
				};
			};
			buildConfigurationList = 20DCA8B12BC49EFF008E12BD /* Build configuration list for PBXProject "Marathon" */;
			compatibilityVersion = "Xcode 14.0";
			developmentRegion = en;
			hasScannedForEncodings = 0;
			knownRegions = (
				en,
				Base,
			);
			mainGroup = 20DCA8AD2BC49EFF008E12BD;
			productRefGroup = 20DCA8B72BC49EFF008E12BD /* Products */;
			projectDirPath = "";
			projectRoot = "";
			targets = (
				20DCA8B52BC49EFF008E12BD /* Marathon */,
				20DCA8C52BC49F01008E12BD /* MarathonTests */,
				20DCA8CF2BC49F01008E12BD /* MarathonUITests */,
			);
		};
/* End PBXProject section */

/* Begin PBXResourcesBuildPhase section */
		20DCA8B42BC49EFF008E12BD /* Resources */ = {
			isa = PBXResourcesBuildPhase;
			buildActionMask = 2147483647;
			files = (
				20DCA8C12BC49F01008E12BD /* Preview Assets.xcassets in Resources */,
				20DCA8BE2BC49F01008E12BD /* Assets.xcassets in Resources */,
			);
			runOnlyForDeploymentPostprocessing = 0;
		};
		20DCA8C42BC49F01008E12BD /* Resources */ = {
			isa = PBXResourcesBuildPhase;
			buildActionMask = 2147483647;
			files = (
			);
			runOnlyForDeploymentPostprocessing = 0;
		};
		20DCA8CE2BC49F01008E12BD /* Resources */ = {
			isa = PBXResourcesBuildPhase;
			buildActionMask = 2147483647;
			files = (
			);
			runOnlyForDeploymentPostprocessing = 0;
		};
/* End PBXResourcesBuildPhase section */

/* Begin PBXSourcesBuildPhase section */
		20DCA8B22BC49EFF008E12BD /* Sources */ = {
			isa = PBXSourcesBuildPhase;
			buildActionMask = 2147483647;
			files = (
				20DCA8BC2BC49EFF008E12BD /* ContentView.swift in Sources */,
				20DCA8BA2BC49EFF008E12BD /* MarathonApp.swift in Sources */,
				20DCA8E42BC74839008E12BD /* Plan.swift in Sources */,
			);
			runOnlyForDeploymentPostprocessing = 0;
		};
		20DCA8C22BC49F01008E12BD /* Sources */ = {
			isa = PBXSourcesBuildPhase;
			buildActionMask = 2147483647;
			files = (
				20DCA8CB2BC49F01008E12BD /* MarathonTests.swift in Sources */,
			);
			runOnlyForDeploymentPostprocessing = 0;
		};
		20DCA8CC2BC49F01008E12BD /* Sources */ = {
			isa = PBXSourcesBuildPhase;
			buildActionMask = 2147483647;
			files = (
				20DCA8D72BC49F01008E12BD /* MarathonUITestsLaunchTests.swift in Sources */,
				20DCA8D52BC49F01008E12BD /* MarathonUITests.swift in Sources */,
			);
			runOnlyForDeploymentPostprocessing = 0;
		};
/* End PBXSourcesBuildPhase section */

/* Begin PBXTargetDependency section */
		20DCA8C82BC49F01008E12BD /* PBXTargetDependency */ = {
			isa = PBXTargetDependency;
			target = 20DCA8B52BC49EFF008E12BD /* Marathon */;
			targetProxy = 20DCA8C72BC49F01008E12BD /* PBXContainerItemProxy */;
		};
		20DCA8D22BC49F01008E12BD /* PBXTargetDependency */ = {
			isa = PBXTargetDependency;
			target = 20DCA8B52BC49EFF008E12BD /* Marathon */;
			targetProxy = 20DCA8D12BC49F01008E12BD /* PBXContainerItemProxy */;
		};
/* End PBXTargetDependency section */

/* Begin XCBuildConfiguration section */
		20DCA8D82BC49F01008E12BD /* Debug */ = {
			isa = XCBuildConfiguration;
			buildSettings = {
				ALWAYS_SEARCH_USER_PATHS = NO;
				ASSETCATALOG_COMPILER_GENERATE_SWIFT_ASSET_SYMBOL_EXTENSIONS = YES;
				CLANG_ANALYZER_NONNULL = YES;
				CLANG_ANALYZER_NUMBER_OBJECT_CONVERSION = YES_AGGRESSIVE;
				CLANG_CXX_LANGUAGE_STANDARD = "gnu++20";
				CLANG_ENABLE_MODULES = YES;
				CLANG_ENABLE_OBJC_ARC = YES;
				CLANG_ENABLE_OBJC_WEAK = YES;
				CLANG_WARN_BLOCK_CAPTURE_AUTORELEASING = YES;
				CLANG_WARN_BOOL_CONVERSION = YES;
				CLANG_WARN_COMMA = YES;
				CLANG_WARN_CONSTANT_CONVERSION = YES;
				CLANG_WARN_DEPRECATED_OBJC_IMPLEMENTATIONS = YES;
				CLANG_WARN_DIRECT_OBJC_ISA_USAGE = YES_ERROR;
				CLANG_WARN_DOCUMENTATION_COMMENTS = YES;
				CLANG_WARN_EMPTY_BODY = YES;
				CLANG_WARN_ENUM_CONVERSION = YES;
				CLANG_WARN_INFINITE_RECURSION = YES;
				CLANG_WARN_INT_CONVERSION = YES;
				CLANG_WARN_NON_LITERAL_NULL_CONVERSION = YES;
				CLANG_WARN_OBJC_IMPLICIT_RETAIN_SELF = YES;
				CLANG_WARN_OBJC_LITERAL_CONVERSION = YES;
				CLANG_WARN_OBJC_ROOT_CLASS = YES_ERROR;
				CLANG_WARN_QUOTED_INCLUDE_IN_FRAMEWORK_HEADER = YES;
				CLANG_WARN_RANGE_LOOP_ANALYSIS = YES;
				CLANG_WARN_STRICT_PROTOTYPES = YES;
				CLANG_WARN_SUSPICIOUS_MOVE = YES;
				CLANG_WARN_UNGUARDED_AVAILABILITY = YES_AGGRESSIVE;
				CLANG_WARN_UNREACHABLE_CODE = YES;
				CLANG_WARN__DUPLICATE_METHOD_MATCH = YES;
				COPY_PHASE_STRIP = NO;
				DEBUG_INFORMATION_FORMAT = dwarf;
				ENABLE_STRICT_OBJC_MSGSEND = YES;
				ENABLE_TESTABILITY = YES;
				ENABLE_USER_SCRIPT_SANDBOXING = YES;
				GCC_C_LANGUAGE_STANDARD = gnu17;
				GCC_DYNAMIC_NO_PIC = NO;
				GCC_NO_COMMON_BLOCKS = YES;
				GCC_OPTIMIZATION_LEVEL = 0;
				GCC_PREPROCESSOR_DEFINITIONS = (
					"DEBUG=1",
					"$(inherited)",
				);
				GCC_WARN_64_TO_32_BIT_CONVERSION = YES;
				GCC_WARN_ABOUT_RETURN_TYPE = YES_ERROR;
				GCC_WARN_UNDECLARED_SELECTOR = YES;
				GCC_WARN_UNINITIALIZED_AUTOS = YES_AGGRESSIVE;
				GCC_WARN_UNUSED_FUNCTION = YES;
				GCC_WARN_UNUSED_VARIABLE = YES;
				IPHONEOS_DEPLOYMENT_TARGET = 17.4;
				LOCALIZATION_PREFERS_STRING_CATALOGS = YES;
				MTL_ENABLE_DEBUG_INFO = INCLUDE_SOURCE;
				MTL_FAST_MATH = YES;
				ONLY_ACTIVE_ARCH = YES;
				SDKROOT = iphoneos;
				SWIFT_ACTIVE_COMPILATION_CONDITIONS = "DEBUG $(inherited)";
				SWIFT_OPTIMIZATION_LEVEL = "-Onone";
			};
			name = Debug;
		};
		20DCA8D92BC49F01008E12BD /* Release */ = {
			isa = XCBuildConfiguration;
			buildSettings = {
				ALWAYS_SEARCH_USER_PATHS = NO;
				ASSETCATALOG_COMPILER_GENERATE_SWIFT_ASSET_SYMBOL_EXTENSIONS = YES;
				CLANG_ANALYZER_NONNULL = YES;
				CLANG_ANALYZER_NUMBER_OBJECT_CONVERSION = YES_AGGRESSIVE;
				CLANG_CXX_LANGUAGE_STANDARD = "gnu++20";
				CLANG_ENABLE_MODULES = YES;
				CLANG_ENABLE_OBJC_ARC = YES;
				CLANG_ENABLE_OBJC_WEAK = YES;
				CLANG_WARN_BLOCK_CAPTURE_AUTORELEASING = YES;
				CLANG_WARN_BOOL_CONVERSION = YES;
				CLANG_WARN_COMMA = YES;
				CLANG_WARN_CONSTANT_CONVERSION = YES;
				CLANG_WARN_DEPRECATED_OBJC_IMPLEMENTATIONS = YES;
				CLANG_WARN_DIRECT_OBJC_ISA_USAGE = YES_ERROR;
				CLANG_WARN_DOCUMENTATION_COMMENTS = YES;
				CLANG_WARN_EMPTY_BODY = YES;
				CLANG_WARN_ENUM_CONVERSION = YES;
				CLANG_WARN_INFINITE_RECURSION = YES;
				CLANG_WARN_INT_CONVERSION = YES;
				CLANG_WARN_NON_LITERAL_NULL_CONVERSION = YES;
				CLANG_WARN_OBJC_IMPLICIT_RETAIN_SELF = YES;
				CLANG_WARN_OBJC_LITERAL_CONVERSION = YES;
				CLANG_WARN_OBJC_ROOT_CLASS = YES_ERROR;
				CLANG_WARN_QUOTED_INCLUDE_IN_FRAMEWORK_HEADER = YES;
				CLANG_WARN_RANGE_LOOP_ANALYSIS = YES;
				CLANG_WARN_STRICT_PROTOTYPES = YES;
				CLANG_WARN_SUSPICIOUS_MOVE = YES;
				CLANG_WARN_UNGUARDED_AVAILABILITY = YES_AGGRESSIVE;
				CLANG_WARN_UNREACHABLE_CODE = YES;
				CLANG_WARN__DUPLICATE_METHOD_MATCH = YES;
				COPY_PHASE_STRIP = NO;
				DEBUG_INFORMATION_FORMAT = "dwarf-with-dsym";
				ENABLE_NS_ASSERTIONS = NO;
				ENABLE_STRICT_OBJC_MSGSEND = YES;
				ENABLE_USER_SCRIPT_SANDBOXING = YES;
				GCC_C_LANGUAGE_STANDARD = gnu17;
				GCC_NO_COMMON_BLOCKS = YES;
				GCC_WARN_64_TO_32_BIT_CONVERSION = YES;
				GCC_WARN_ABOUT_RETURN_TYPE = YES_ERROR;
				GCC_WARN_UNDECLARED_SELECTOR = YES;
				GCC_WARN_UNINITIALIZED_AUTOS = YES_AGGRESSIVE;
				GCC_WARN_UNUSED_FUNCTION = YES;
				GCC_WARN_UNUSED_VARIABLE = YES;
				IPHONEOS_DEPLOYMENT_TARGET = 17.4;
				LOCALIZATION_PREFERS_STRING_CATALOGS = YES;
				MTL_ENABLE_DEBUG_INFO = NO;
				MTL_FAST_MATH = YES;
				SDKROOT = iphoneos;
				SWIFT_COMPILATION_MODE = wholemodule;
				VALIDATE_PRODUCT = YES;
			};
			name = Release;
		};
		20DCA8DB2BC49F01008E12BD /* Debug */ = {
			isa = XCBuildConfiguration;
			buildSettings = {
				ASSETCATALOG_COMPILER_APPICON_NAME = AppIcon;
				ASSETCATALOG_COMPILER_GLOBAL_ACCENT_COLOR_NAME = AccentColor;
				CODE_SIGN_STYLE = Automatic;
				CURRENT_PROJECT_VERSION = 1;
				DEVELOPMENT_ASSET_PATHS = "\"Marathon/Preview Content\"";
				ENABLE_PREVIEWS = YES;
				GENERATE_INFOPLIST_FILE = YES;
				INFOPLIST_KEY_UIApplicationSceneManifest_Generation = YES;
				INFOPLIST_KEY_UIApplicationSupportsIndirectInputEvents = YES;
				INFOPLIST_KEY_UILaunchScreen_Generation = YES;
				INFOPLIST_KEY_UISupportedInterfaceOrientations_iPad = "UIInterfaceOrientationPortrait UIInterfaceOrientationPortraitUpsideDown UIInterfaceOrientationLandscapeLeft UIInterfaceOrientationLandscapeRight";
				INFOPLIST_KEY_UISupportedInterfaceOrientations_iPhone = "UIInterfaceOrientationPortrait UIInterfaceOrientationLandscapeLeft UIInterfaceOrientationLandscapeRight";
				LD_RUNPATH_SEARCH_PATHS = (
					"$(inherited)",
					"@executable_path/Frameworks",
				);
				MARKETING_VERSION = 1.0;
				PRODUCT_BUNDLE_IDENTIFIER = ethan.Marathon;
				PRODUCT_NAME = "$(TARGET_NAME)";
				SWIFT_EMIT_LOC_STRINGS = YES;
				SWIFT_VERSION = 5.0;
				TARGETED_DEVICE_FAMILY = "1,2";
			};
			name = Debug;
		};
		20DCA8DC2BC49F01008E12BD /* Release */ = {
			isa = XCBuildConfiguration;
			buildSettings = {
				ASSETCATALOG_COMPILER_APPICON_NAME = AppIcon;
				ASSETCATALOG_COMPILER_GLOBAL_ACCENT_COLOR_NAME = AccentColor;
				CODE_SIGN_STYLE = Automatic;
				CURRENT_PROJECT_VERSION = 1;
				DEVELOPMENT_ASSET_PATHS = "\"Marathon/Preview Content\"";
				ENABLE_PREVIEWS = YES;
				GENERATE_INFOPLIST_FILE = YES;
				INFOPLIST_KEY_UIApplicationSceneManifest_Generation = YES;
				INFOPLIST_KEY_UIApplicationSupportsIndirectInputEvents = YES;
				INFOPLIST_KEY_UILaunchScreen_Generation = YES;
				INFOPLIST_KEY_UISupportedInterfaceOrientations_iPad = "UIInterfaceOrientationPortrait UIInterfaceOrientationPortraitUpsideDown UIInterfaceOrientationLandscapeLeft UIInterfaceOrientationLandscapeRight";
				INFOPLIST_KEY_UISupportedInterfaceOrientations_iPhone = "UIInterfaceOrientationPortrait UIInterfaceOrientationLandscapeLeft UIInterfaceOrientationLandscapeRight";
				LD_RUNPATH_SEARCH_PATHS = (
					"$(inherited)",
					"@executable_path/Frameworks",
				);
				MARKETING_VERSION = 1.0;
				PRODUCT_BUNDLE_IDENTIFIER = ethan.Marathon;
				PRODUCT_NAME = "$(TARGET_NAME)";
				SWIFT_EMIT_LOC_STRINGS = YES;
				SWIFT_VERSION = 5.0;
				TARGETED_DEVICE_FAMILY = "1,2";
			};
			name = Release;
		};
		20DCA8DE2BC49F01008E12BD /* Debug */ = {
			isa = XCBuildConfiguration;
			buildSettings = {
				ALWAYS_EMBED_SWIFT_STANDARD_LIBRARIES = YES;
				BUNDLE_LOADER = "$(TEST_HOST)";
				CODE_SIGN_STYLE = Automatic;
				CURRENT_PROJECT_VERSION = 1;
				GENERATE_INFOPLIST_FILE = YES;
				IPHONEOS_DEPLOYMENT_TARGET = 17.4;
				MARKETING_VERSION = 1.0;
				PRODUCT_BUNDLE_IDENTIFIER = ethan.MarathonTests;
				PRODUCT_NAME = "$(TARGET_NAME)";
				SWIFT_EMIT_LOC_STRINGS = NO;
				SWIFT_VERSION = 5.0;
				TARGETED_DEVICE_FAMILY = "1,2";
				TEST_HOST = "$(BUILT_PRODUCTS_DIR)/Marathon.app/$(BUNDLE_EXECUTABLE_FOLDER_PATH)/Marathon";
			};
			name = Debug;
		};
		20DCA8DF2BC49F01008E12BD /* Release */ = {
			isa = XCBuildConfiguration;
			buildSettings = {
				ALWAYS_EMBED_SWIFT_STANDARD_LIBRARIES = YES;
				BUNDLE_LOADER = "$(TEST_HOST)";
				CODE_SIGN_STYLE = Automatic;
				CURRENT_PROJECT_VERSION = 1;
				GENERATE_INFOPLIST_FILE = YES;
				IPHONEOS_DEPLOYMENT_TARGET = 17.4;
				MARKETING_VERSION = 1.0;
				PRODUCT_BUNDLE_IDENTIFIER = ethan.MarathonTests;
				PRODUCT_NAME = "$(TARGET_NAME)";
				SWIFT_EMIT_LOC_STRINGS = NO;
				SWIFT_VERSION = 5.0;
				TARGETED_DEVICE_FAMILY = "1,2";
				TEST_HOST = "$(BUILT_PRODUCTS_DIR)/Marathon.app/$(BUNDLE_EXECUTABLE_FOLDER_PATH)/Marathon";
			};
			name = Release;
		};
		20DCA8E12BC49F01008E12BD /* Debug */ = {
			isa = XCBuildConfiguration;
			buildSettings = {
				ALWAYS_EMBED_SWIFT_STANDARD_LIBRARIES = YES;
				CODE_SIGN_STYLE = Automatic;
				CURRENT_PROJECT_VERSION = 1;
				GENERATE_INFOPLIST_FILE = YES;
				MARKETING_VERSION = 1.0;
				PRODUCT_BUNDLE_IDENTIFIER = ethan.MarathonUITests;
				PRODUCT_NAME = "$(TARGET_NAME)";
				SWIFT_EMIT_LOC_STRINGS = NO;
				SWIFT_VERSION = 5.0;
				TARGETED_DEVICE_FAMILY = "1,2";
				TEST_TARGET_NAME = Marathon;
			};
			name = Debug;
		};
		20DCA8E22BC49F01008E12BD /* Release */ = {
			isa = XCBuildConfiguration;
			buildSettings = {
				ALWAYS_EMBED_SWIFT_STANDARD_LIBRARIES = YES;
				CODE_SIGN_STYLE = Automatic;
				CURRENT_PROJECT_VERSION = 1;
				GENERATE_INFOPLIST_FILE = YES;
				MARKETING_VERSION = 1.0;
				PRODUCT_BUNDLE_IDENTIFIER = ethan.MarathonUITests;
				PRODUCT_NAME = "$(TARGET_NAME)";
				SWIFT_EMIT_LOC_STRINGS = NO;
				SWIFT_VERSION = 5.0;
				TARGETED_DEVICE_FAMILY = "1,2";
				TEST_TARGET_NAME = Marathon;
			};
			name = Release;
		};
/* End XCBuildConfiguration section */

/* Begin XCConfigurationList section */
		20DCA8B12BC49EFF008E12BD /* Build configuration list for PBXProject "Marathon" */ = {
			isa = XCConfigurationList;
			buildConfigurations = (
				20DCA8D82BC49F01008E12BD /* Debug */,
				20DCA8D92BC49F01008E12BD /* Release */,
			);
			defaultConfigurationIsVisible = 0;
			defaultConfigurationName = Release;
		};
		20DCA8DA2BC49F01008E12BD /* Build configuration list for PBXNativeTarget "Marathon" */ = {
			isa = XCConfigurationList;
			buildConfigurations = (
				20DCA8DB2BC49F01008E12BD /* Debug */,
				20DCA8DC2BC49F01008E12BD /* Release */,
			);
			defaultConfigurationIsVisible = 0;
			defaultConfigurationName = Release;
		};
		20DCA8DD2BC49F01008E12BD /* Build configuration list for PBXNativeTarget "MarathonTests" */ = {
			isa = XCConfigurationList;
			buildConfigurations = (
				20DCA8DE2BC49F01008E12BD /* Debug */,
				20DCA8DF2BC49F01008E12BD /* Release */,
			);
			defaultConfigurationIsVisible = 0;
			defaultConfigurationName = Release;
		};
		20DCA8E02BC49F01008E12BD /* Build configuration list for PBXNativeTarget "MarathonUITests" */ = {
			isa = XCConfigurationList;
			buildConfigurations = (
				20DCA8E12BC49F01008E12BD /* Debug */,
				20DCA8E22BC49F01008E12BD /* Release */,
			);
			defaultConfigurationIsVisible = 0;
			defaultConfigurationName = Release;
		};
/* End XCConfigurationList section */
	};
	rootObject = 20DCA8AE2BC49EFF008E12BD /* Project object */;
}
